<Solution>
  <Project Path="../Prog-2/Prog-2.vbproj" Id="b9a0d490-ab12-4f0a-b3f5-429e2cd27f83" />
  <Project Path="../Prog-3/Prog-3.vbproj" Id="ce9ccb5b-64b8-4d81-969d-71db38ba980f" />
  <Project Path="../Prog-4/Prog-4.vbproj" Id="b72216ac-7855-4b9e-9d15-01d737f0d4b3" />
  <Project Path="Prog-1/Prog-1.vbproj" Id="1c1d3a79-39f3-4f93-b66b-78943c3a4afb" />
  <Project Path="Prog-5/Prog-5.vbproj" Id="6b94206f-5f7c-4185-a3a4-91542b4998a5" />
</Solution>
